
Microsoft Visual Studio Solution File, Format Version 12.00
# Visual Studio Version 16
VisualStudioVersion = 16.0.31624.102
MinimumVisualStudioVersion = 10.0.40219.1
Project("{9A19103F-16F7-4668-BE54-9A1E7A4F7556}") = "Sistemadebusqueda2", "Sistemadebusqueda2\Sistemadebusqueda2.csproj", "{A2C880F3-226B-44EE-8AC9-88688F5BDD9F}"
EndProject
Global
	GlobalSection(SolutionConfigurationPlatforms) = preSolution
		Debug|Any CPU = Debug|Any CPU
		Release|Any CPU = Release|Any CPU
	EndGlobalSection
	GlobalSection(ProjectConfigurationPlatforms) = postSolution
		{A2C880F3-226B-44EE-8AC9-88688F5BDD9F}.Debug|Any CPU.ActiveCfg = Debug|Any CPU
		{A2C880F3-226B-44EE-8AC9-88688F5BDD9F}.Debug|Any CPU.Build.0 = Debug|Any CPU
		{A2C880F3-226B-44EE-8AC9-88688F5BDD9F}.Release|Any CPU.ActiveCfg = Release|Any CPU
		{A2C880F3-226B-44EE-8AC9-88688F5BDD9F}.Release|Any CPU.Build.0 = Release|Any CPU
	EndGlobalSection
	GlobalSection(SolutionProperties) = preSolution
		HideSolutionNode = FALSE
	EndGlobalSection
	GlobalSection(ExtensibilityGlobals) = postSolution
		SolutionGuid = {A63EF9F4-28FF-49B2-BB43-AD1B629EDC61}
	EndGlobalSection
EndGlobal
